{
    "name": "api-server-flask",
    "version": "1.0.0",
    "lockfileVersion": 3,
    "requires": true,
    "packages": {
        "": {
            "name": "api-server-flask",
            "version": "1.0.0",
            "dependencies": {
                "node-pandas": "^1.0.5",
                "pandas": "^0.0.3"
            },
            "engines": {
                "node": ">=10.0.0"
            }
        },
        "node_modules/node-pandas": {
            "version": "1.0.5",
            "resolved": "https://registry.npmjs.org/node-pandas/-/node-pandas-1.0.5.tgz",
            "integrity": "sha512-pKp8Mk0LRk7ZHswXT40HX9nDE6LWR4figvcXOz/9k+UebDB3kXNadgex+pSGDRMDYXe+SiUh3GG/EIlmGqCHrQ=="
        },
        "node_modules/pandas": {
            "version": "0.0.3",
            "resolved": "https://registry.npmjs.org/pandas/-/pandas-0.0.3.tgz",
            "integrity": "sha512-b6b0XOuj8mvj2Kn6qfcvPmb0ILCcbuep5VYZche3730P9cXQcvarbbvWJxwXkxc3OXyGFYjJ4kozjX5ZXXMrsw=="
        }
    }
}
